
Microsoft Visual Studio Solution File, Format Version 12.00
# Visual Studio 15
VisualStudioVersion = 15.0.27130.2024
MinimumVisualStudioVersion = 10.0.40219.1
Project("{2150E333-8FDC-42A3-9474-1A3956D46DE8}") = "sso", "sso", "{FE859435-0323-4E4E-BF54-BFA14E2FE7FD}"
EndProject
Project("{FAE04EC0-301F-11D3-BF4B-00C04F79EFBC}") = "EmbeddedPscSsoWorkflow", "vmware\samples\sso\EmbeddedPscSsoWorkflow\EmbeddedPscSsoWorkflow.csproj", "{BE63B667-37C7-41B2-8E9D-41422364AC8F}"
EndProject
Project("{2150E333-8FDC-42A3-9474-1A3956D46DE8}") = "common", "common", "{0BEAEC1A-27D8-4A79-BAAA-989C246AF622}"
EndProject
Project("{2150E333-8FDC-42A3-9474-1A3956D46DE8}") = "tagging", "tagging", "{C546CAA0-C1CA-40E9-BB1A-3F948B22F65D}"
EndProject
Project("{2150E333-8FDC-42A3-9474-1A3956D46DE8}") = "vcenter", "vcenter", "{D127C0F6-F9D3-45FA-9B1C-2021EDC4BA82}"
EndProject
Project("{2150E333-8FDC-42A3-9474-1A3956D46DE8}") = "vm", "vm", "{E1D6C7B0-3DE4-4395-B8C2-37997131169D}"
EndProject
Project("{2150E333-8FDC-42A3-9474-1A3956D46DE8}") = "create", "create", "{FC944325-1751-4223-97FF-74701BDB4FE2}"
EndProject
Project("{FAE04EC0-301F-11D3-BF4B-00C04F79EFBC}") = "CreateBasicVm", "vmware\samples\vcenter\vm\create\CreateBasicVm\CreateBasicVm.csproj", "{B9694221-2A7A-4326-A5E8-E4530D5D0CDD}"
EndProject
Project("{FAE04EC0-301F-11D3-BF4B-00C04F79EFBC}") = "CreateDefaultVM", "vmware\samples\vcenter\vm\create\CreateDefaultVm\CreateDefaultVM.csproj", "{A4B6F11F-AEB5-4956-AC6C-F95EA939AB8D}"
EndProject
Project("{FAE04EC0-301F-11D3-BF4B-00C04F79EFBC}") = "CreateExhaustiveVm", "vmware\samples\vcenter\vm\create\CreateExhaustiveVm\CreateExhaustiveVm.csproj", "{092E016D-B76F-4DD0-A036-C9187BCC5F88}"
EndProject
Project("{FAE04EC0-301F-11D3-BF4B-00C04F79EFBC}") = "TaggingWorkflow", "vmware\samples\tagging\TaggingWorkflow\TaggingWorkflow.csproj", "{AF1E00F1-D21F-47BC-A3EC-94F4ABAB9314}"
EndProject
Project("{2150E333-8FDC-42A3-9474-1A3956D46DE8}") = "hardware", "hardware", "{E6F0AE1D-1200-4F40-A8AD-535AF253827E}"
EndProject
Project("{FAE04EC0-301F-11D3-BF4B-00C04F79EFBC}") = "MemoryConfiguration", "vmware\samples\vcenter\vm\hardware\MemoryConfiguration\MemoryConfiguration.csproj", "{DBF92BB6-321A-4ABB-AD14-3C8D33AAB5A3}"
EndProject
Project("{FAE04EC0-301F-11D3-BF4B-00C04F79EFBC}") = "CpuConfiguration", "vmware\samples\vcenter\vm\hardware\CpuConfiguration\CpuConfiguration.csproj", "{21FF1FCA-6CCF-412C-A689-161ECF3A3524}"
EndProject
Project("{FAE04EC0-301F-11D3-BF4B-00C04F79EFBC}") = "BootConfiguration", "vmware\samples\vcenter\vm\hardware\BootConfiguration\BootConfiguration.csproj", "{C123A30A-B3EF-4521-9EB2-47A7A21EAA83}"
EndProject
Project("{FAE04EC0-301F-11D3-BF4B-00C04F79EFBC}") = "BootDevicesConfiguration", "vmware\samples\vcenter\vm\hardware\BootDevicesConfiguration\BootDevicesConfiguration.csproj", "{978867FE-39D2-464E-901A-81D343D5CC36}"
EndProject
Project("{FAE04EC0-301F-11D3-BF4B-00C04F79EFBC}") = "ScsiAdapterConfiguration", "vmware\samples\vcenter\vm\hardware\adapter\ScsiAdapterConfiguration\ScsiAdapterConfiguration.csproj", "{57FB66DE-CA57-4DCF-850C-8599630E6CE5}"
EndProject
Project("{FAE04EC0-301F-11D3-BF4B-00C04F79EFBC}") = "SataAdapterConfiguration", "vmware\samples\vcenter\vm\hardware\adapter\SataAdapterconfiguration\SataAdapterConfiguration.csproj", "{C57B62D4-2115-4F94-BFFF-F75050798897}"
EndProject
Project("{FAE04EC0-301F-11D3-BF4B-00C04F79EFBC}") = "EthernetConfiguration", "vmware\samples\vcenter\vm\hardware\EthernetConfiguration\EthernetConfiguration.csproj", "{B747BA0E-4B69-4AE5-8D4E-7FB507C4787A}"
EndProject
Project("{FAE04EC0-301F-11D3-BF4B-00C04F79EFBC}") = "CdromConfiguration", "vmware\samples\vcenter\vm\hardware\CdromConfiguration\CdromConfiguration.csproj", "{B93056F8-3605-41EB-836E-856186851B07}"
EndProject
Project("{FAE04EC0-301F-11D3-BF4B-00C04F79EFBC}") = "ExternalPscSsoWorkflow", "vmware\samples\sso\ExternalPscSsoWorkflow\ExternalPscSsoWorkflow.csproj", "{88AA3522-86CD-4147-8949-B0515328C59F}"
EndProject
Project("{2150E333-8FDC-42A3-9474-1A3956D46DE8}") = "adapter", "adapter", "{25F7D65F-0919-4FBE-8C13-A75EDA36CB10}"
EndProject
Project("{FAE04EC0-301F-11D3-BF4B-00C04F79EFBC}") = "SamplesCommon", "vmware\samples\common\SamplesCommon\SamplesCommon.csproj", "{1ACD25A4-62EA-4B6F-A1DF-6F1A531BBF4B}"
EndProject
Project("{2150E333-8FDC-42A3-9474-1A3956D46DE8}") = "list", "list", "{FD21059E-C609-46C6-AA36-69D86F2BB9A2}"
EndProject
Project("{FAE04EC0-301F-11D3-BF4B-00C04F79EFBC}") = "ListVMs", "vmware\samples\vcenter\vm\list\ListVMs\ListVMs.csproj", "{8926A553-ECF9-45A5-B818-8472A52E14F1}"
EndProject
Project("{FAE04EC0-301F-11D3-BF4B-00C04F79EFBC}") = "ListVMsWebApp", "vmware\samples\vcenter\vm\list\ListVMsWebApp\ListVMsWebApp.csproj", "{E8685813-9284-45E0-9217-10087FE38EB0}"
EndProject
Project("{2150E333-8FDC-42A3-9474-1A3956D46DE8}") = "appliance", "appliance", "{A7330431-A485-4770-A6F3-6218163F2BFD}"
EndProject
Project("{2150E333-8FDC-42A3-9474-1A3956D46DE8}") = "localaccounts", "localaccounts", "{7F4FB1DD-D54F-48C1-BD2B-9CE1BEEB292C}"
EndProject
Project("{FAE04EC0-301F-11D3-BF4B-00C04F79EFBC}") = "GlobalPolicySample", "vmware\samples\appliance\localaccounts\GlobalPolicySample\GlobalPolicySample.csproj", "{69262D41-2E37-4839-977C-D4550518E905}"
EndProject
Global
	GlobalSection(SolutionConfigurationPlatforms) = preSolution
		Debug|Any CPU = Debug|Any CPU
		Debug|x86 = Debug|x86
		Release|Any CPU = Release|Any CPU
		Release|x86 = Release|x86
	EndGlobalSection
	GlobalSection(ProjectConfigurationPlatforms) = postSolution
		{BE63B667-37C7-41B2-8E9D-41422364AC8F}.Debug|Any CPU.ActiveCfg = Debug|Any CPU
		{BE63B667-37C7-41B2-8E9D-41422364AC8F}.Debug|Any CPU.Build.0 = Debug|Any CPU
		{BE63B667-37C7-41B2-8E9D-41422364AC8F}.Debug|x86.ActiveCfg = Debug|Any CPU
		{BE63B667-37C7-41B2-8E9D-41422364AC8F}.Debug|x86.Build.0 = Debug|Any CPU
		{BE63B667-37C7-41B2-8E9D-41422364AC8F}.Release|Any CPU.ActiveCfg = Release|Any CPU
		{BE63B667-37C7-41B2-8E9D-41422364AC8F}.Release|Any CPU.Build.0 = Release|Any CPU
		{BE63B667-37C7-41B2-8E9D-41422364AC8F}.Release|x86.ActiveCfg = Release|Any CPU
		{BE63B667-37C7-41B2-8E9D-41422364AC8F}.Release|x86.Build.0 = Release|Any CPU
		{B9694221-2A7A-4326-A5E8-E4530D5D0CDD}.Debug|Any CPU.ActiveCfg = Debug|Any CPU
		{B9694221-2A7A-4326-A5E8-E4530D5D0CDD}.Debug|Any CPU.Build.0 = Debug|Any CPU
		{B9694221-2A7A-4326-A5E8-E4530D5D0CDD}.Debug|x86.ActiveCfg = Debug|x86
		{B9694221-2A7A-4326-A5E8-E4530D5D0CDD}.Debug|x86.Build.0 = Debug|x86
		{B9694221-2A7A-4326-A5E8-E4530D5D0CDD}.Release|Any CPU.ActiveCfg = Release|Any CPU
		{B9694221-2A7A-4326-A5E8-E4530D5D0CDD}.Release|Any CPU.Build.0 = Release|Any CPU
		{B9694221-2A7A-4326-A5E8-E4530D5D0CDD}.Release|x86.ActiveCfg = Release|x86
		{B9694221-2A7A-4326-A5E8-E4530D5D0CDD}.Release|x86.Build.0 = Release|x86
		{A4B6F11F-AEB5-4956-AC6C-F95EA939AB8D}.Debug|Any CPU.ActiveCfg = Debug|Any CPU
		{A4B6F11F-AEB5-4956-AC6C-F95EA939AB8D}.Debug|Any CPU.Build.0 = Debug|Any CPU
		{A4B6F11F-AEB5-4956-AC6C-F95EA939AB8D}.Debug|x86.ActiveCfg = Debug|x86
		{A4B6F11F-AEB5-4956-AC6C-F95EA939AB8D}.Debug|x86.Build.0 = Debug|x86
		{A4B6F11F-AEB5-4956-AC6C-F95EA939AB8D}.Release|Any CPU.ActiveCfg = Release|Any CPU
		{A4B6F11F-AEB5-4956-AC6C-F95EA939AB8D}.Release|Any CPU.Build.0 = Release|Any CPU
		{A4B6F11F-AEB5-4956-AC6C-F95EA939AB8D}.Release|x86.ActiveCfg = Release|x86
		{A4B6F11F-AEB5-4956-AC6C-F95EA939AB8D}.Release|x86.Build.0 = Release|x86
		{092E016D-B76F-4DD0-A036-C9187BCC5F88}.Debug|Any CPU.ActiveCfg = Debug|Any CPU
		{092E016D-B76F-4DD0-A036-C9187BCC5F88}.Debug|Any CPU.Build.0 = Debug|Any CPU
		{092E016D-B76F-4DD0-A036-C9187BCC5F88}.Debug|x86.ActiveCfg = Debug|x86
		{092E016D-B76F-4DD0-A036-C9187BCC5F88}.Debug|x86.Build.0 = Debug|x86
		{092E016D-B76F-4DD0-A036-C9187BCC5F88}.Release|Any CPU.ActiveCfg = Release|Any CPU
		{092E016D-B76F-4DD0-A036-C9187BCC5F88}.Release|Any CPU.Build.0 = Release|Any CPU
		{092E016D-B76F-4DD0-A036-C9187BCC5F88}.Release|x86.ActiveCfg = Release|x86
		{092E016D-B76F-4DD0-A036-C9187BCC5F88}.Release|x86.Build.0 = Release|x86
		{AF1E00F1-D21F-47BC-A3EC-94F4ABAB9314}.Debug|Any CPU.ActiveCfg = Debug|Any CPU
		{AF1E00F1-D21F-47BC-A3EC-94F4ABAB9314}.Debug|Any CPU.Build.0 = Debug|Any CPU
		{AF1E00F1-D21F-47BC-A3EC-94F4ABAB9314}.Debug|x86.ActiveCfg = Debug|x86
		{AF1E00F1-D21F-47BC-A3EC-94F4ABAB9314}.Debug|x86.Build.0 = Debug|x86
		{AF1E00F1-D21F-47BC-A3EC-94F4ABAB9314}.Release|Any CPU.ActiveCfg = Release|Any CPU
		{AF1E00F1-D21F-47BC-A3EC-94F4ABAB9314}.Release|Any CPU.Build.0 = Release|Any CPU
		{AF1E00F1-D21F-47BC-A3EC-94F4ABAB9314}.Release|x86.ActiveCfg = Release|x86
		{AF1E00F1-D21F-47BC-A3EC-94F4ABAB9314}.Release|x86.Build.0 = Release|x86
		{DBF92BB6-321A-4ABB-AD14-3C8D33AAB5A3}.Debug|Any CPU.ActiveCfg = Debug|Any CPU
		{DBF92BB6-321A-4ABB-AD14-3C8D33AAB5A3}.Debug|Any CPU.Build.0 = Debug|Any CPU
		{DBF92BB6-321A-4ABB-AD14-3C8D33AAB5A3}.Debug|x86.ActiveCfg = Debug|Any CPU
		{DBF92BB6-321A-4ABB-AD14-3C8D33AAB5A3}.Debug|x86.Build.0 = Debug|Any CPU
		{DBF92BB6-321A-4ABB-AD14-3C8D33AAB5A3}.Release|Any CPU.ActiveCfg = Release|Any CPU
		{DBF92BB6-321A-4ABB-AD14-3C8D33AAB5A3}.Release|Any CPU.Build.0 = Release|Any CPU
		{DBF92BB6-321A-4ABB-AD14-3C8D33AAB5A3}.Release|x86.ActiveCfg = Release|Any CPU
		{DBF92BB6-321A-4ABB-AD14-3C8D33AAB5A3}.Release|x86.Build.0 = Release|Any CPU
		{21FF1FCA-6CCF-412C-A689-161ECF3A3524}.Debug|Any CPU.ActiveCfg = Debug|Any CPU
		{21FF1FCA-6CCF-412C-A689-161ECF3A3524}.Debug|Any CPU.Build.0 = Debug|Any CPU
		{21FF1FCA-6CCF-412C-A689-161ECF3A3524}.Debug|x86.ActiveCfg = Debug|Any CPU
		{21FF1FCA-6CCF-412C-A689-161ECF3A3524}.Debug|x86.Build.0 = Debug|Any CPU
		{21FF1FCA-6CCF-412C-A689-161ECF3A3524}.Release|Any CPU.ActiveCfg = Release|Any CPU
		{21FF1FCA-6CCF-412C-A689-161ECF3A3524}.Release|Any CPU.Build.0 = Release|Any CPU
		{21FF1FCA-6CCF-412C-A689-161ECF3A3524}.Release|x86.ActiveCfg = Release|Any CPU
		{21FF1FCA-6CCF-412C-A689-161ECF3A3524}.Release|x86.Build.0 = Release|Any CPU
		{C123A30A-B3EF-4521-9EB2-47A7A21EAA83}.Debug|Any CPU.ActiveCfg = Debug|Any CPU
		{C123A30A-B3EF-4521-9EB2-47A7A21EAA83}.Debug|Any CPU.Build.0 = Debug|Any CPU
		{C123A30A-B3EF-4521-9EB2-47A7A21EAA83}.Debug|x86.ActiveCfg = Debug|Any CPU
		{C123A30A-B3EF-4521-9EB2-47A7A21EAA83}.Debug|x86.Build.0 = Debug|Any CPU
		{C123A30A-B3EF-4521-9EB2-47A7A21EAA83}.Release|Any CPU.ActiveCfg = Release|Any CPU
		{C123A30A-B3EF-4521-9EB2-47A7A21EAA83}.Release|Any CPU.Build.0 = Release|Any CPU
		{C123A30A-B3EF-4521-9EB2-47A7A21EAA83}.Release|x86.ActiveCfg = Release|Any CPU
		{C123A30A-B3EF-4521-9EB2-47A7A21EAA83}.Release|x86.Build.0 = Release|Any CPU
		{978867FE-39D2-464E-901A-81D343D5CC36}.Debug|Any CPU.ActiveCfg = Debug|Any CPU
		{978867FE-39D2-464E-901A-81D343D5CC36}.Debug|Any CPU.Build.0 = Debug|Any CPU
		{978867FE-39D2-464E-901A-81D343D5CC36}.Debug|x86.ActiveCfg = Debug|Any CPU
		{978867FE-39D2-464E-901A-81D343D5CC36}.Debug|x86.Build.0 = Debug|Any CPU
		{978867FE-39D2-464E-901A-81D343D5CC36}.Release|Any CPU.ActiveCfg = Release|Any CPU
		{978867FE-39D2-464E-901A-81D343D5CC36}.Release|Any CPU.Build.0 = Release|Any CPU
		{978867FE-39D2-464E-901A-81D343D5CC36}.Release|x86.ActiveCfg = Release|Any CPU
		{978867FE-39D2-464E-901A-81D343D5CC36}.Release|x86.Build.0 = Release|Any CPU
		{57FB66DE-CA57-4DCF-850C-8599630E6CE5}.Debug|Any CPU.ActiveCfg = Debug|Any CPU
		{57FB66DE-CA57-4DCF-850C-8599630E6CE5}.Debug|Any CPU.Build.0 = Debug|Any CPU
		{57FB66DE-CA57-4DCF-850C-8599630E6CE5}.Debug|x86.ActiveCfg = Debug|Any CPU
		{57FB66DE-CA57-4DCF-850C-8599630E6CE5}.Debug|x86.Build.0 = Debug|Any CPU
		{57FB66DE-CA57-4DCF-850C-8599630E6CE5}.Release|Any CPU.ActiveCfg = Release|Any CPU
		{57FB66DE-CA57-4DCF-850C-8599630E6CE5}.Release|Any CPU.Build.0 = Release|Any CPU
		{57FB66DE-CA57-4DCF-850C-8599630E6CE5}.Release|x86.ActiveCfg = Release|Any CPU
		{57FB66DE-CA57-4DCF-850C-8599630E6CE5}.Release|x86.Build.0 = Release|Any CPU
		{C57B62D4-2115-4F94-BFFF-F75050798897}.Debug|Any CPU.ActiveCfg = Debug|Any CPU
		{C57B62D4-2115-4F94-BFFF-F75050798897}.Debug|Any CPU.Build.0 = Debug|Any CPU
		{C57B62D4-2115-4F94-BFFF-F75050798897}.Debug|x86.ActiveCfg = Debug|Any CPU
		{C57B62D4-2115-4F94-BFFF-F75050798897}.Debug|x86.Build.0 = Debug|Any CPU
		{C57B62D4-2115-4F94-BFFF-F75050798897}.Release|Any CPU.ActiveCfg = Release|Any CPU
		{C57B62D4-2115-4F94-BFFF-F75050798897}.Release|Any CPU.Build.0 = Release|Any CPU
		{C57B62D4-2115-4F94-BFFF-F75050798897}.Release|x86.ActiveCfg = Release|Any CPU
		{C57B62D4-2115-4F94-BFFF-F75050798897}.Release|x86.Build.0 = Release|Any CPU
		{B747BA0E-4B69-4AE5-8D4E-7FB507C4787A}.Debug|Any CPU.ActiveCfg = Debug|Any CPU
		{B747BA0E-4B69-4AE5-8D4E-7FB507C4787A}.Debug|Any CPU.Build.0 = Debug|Any CPU
		{B747BA0E-4B69-4AE5-8D4E-7FB507C4787A}.Debug|x86.ActiveCfg = Debug|Any CPU
		{B747BA0E-4B69-4AE5-8D4E-7FB507C4787A}.Debug|x86.Build.0 = Debug|Any CPU
		{B747BA0E-4B69-4AE5-8D4E-7FB507C4787A}.Release|Any CPU.ActiveCfg = Release|Any CPU
		{B747BA0E-4B69-4AE5-8D4E-7FB507C4787A}.Release|Any CPU.Build.0 = Release|Any CPU
		{B747BA0E-4B69-4AE5-8D4E-7FB507C4787A}.Release|x86.ActiveCfg = Release|Any CPU
		{B747BA0E-4B69-4AE5-8D4E-7FB507C4787A}.Release|x86.Build.0 = Release|Any CPU
		{B93056F8-3605-41EB-836E-856186851B07}.Debug|Any CPU.ActiveCfg = Debug|Any CPU
		{B93056F8-3605-41EB-836E-856186851B07}.Debug|Any CPU.Build.0 = Debug|Any CPU
		{B93056F8-3605-41EB-836E-856186851B07}.Debug|x86.ActiveCfg = Debug|Any CPU
		{B93056F8-3605-41EB-836E-856186851B07}.Debug|x86.Build.0 = Debug|Any CPU
		{B93056F8-3605-41EB-836E-856186851B07}.Release|Any CPU.ActiveCfg = Release|Any CPU
		{B93056F8-3605-41EB-836E-856186851B07}.Release|Any CPU.Build.0 = Release|Any CPU
		{B93056F8-3605-41EB-836E-856186851B07}.Release|x86.ActiveCfg = Release|Any CPU
		{B93056F8-3605-41EB-836E-856186851B07}.Release|x86.Build.0 = Release|Any CPU
		{88AA3522-86CD-4147-8949-B0515328C59F}.Debug|Any CPU.ActiveCfg = Debug|Any CPU
		{88AA3522-86CD-4147-8949-B0515328C59F}.Debug|Any CPU.Build.0 = Debug|Any CPU
		{88AA3522-86CD-4147-8949-B0515328C59F}.Debug|x86.ActiveCfg = Debug|Any CPU
		{88AA3522-86CD-4147-8949-B0515328C59F}.Debug|x86.Build.0 = Debug|Any CPU
		{88AA3522-86CD-4147-8949-B0515328C59F}.Release|Any CPU.ActiveCfg = Release|Any CPU
		{88AA3522-86CD-4147-8949-B0515328C59F}.Release|Any CPU.Build.0 = Release|Any CPU
		{88AA3522-86CD-4147-8949-B0515328C59F}.Release|x86.ActiveCfg = Release|Any CPU
		{88AA3522-86CD-4147-8949-B0515328C59F}.Release|x86.Build.0 = Release|Any CPU
		{1ACD25A4-62EA-4B6F-A1DF-6F1A531BBF4B}.Debug|Any CPU.ActiveCfg = Debug|Any CPU
		{1ACD25A4-62EA-4B6F-A1DF-6F1A531BBF4B}.Debug|Any CPU.Build.0 = Debug|Any CPU
		{1ACD25A4-62EA-4B6F-A1DF-6F1A531BBF4B}.Debug|x86.ActiveCfg = Debug|Any CPU
		{1ACD25A4-62EA-4B6F-A1DF-6F1A531BBF4B}.Debug|x86.Build.0 = Debug|Any CPU
		{1ACD25A4-62EA-4B6F-A1DF-6F1A531BBF4B}.Release|Any CPU.ActiveCfg = Release|Any CPU
		{1ACD25A4-62EA-4B6F-A1DF-6F1A531BBF4B}.Release|Any CPU.Build.0 = Release|Any CPU
		{1ACD25A4-62EA-4B6F-A1DF-6F1A531BBF4B}.Release|x86.ActiveCfg = Release|Any CPU
		{1ACD25A4-62EA-4B6F-A1DF-6F1A531BBF4B}.Release|x86.Build.0 = Release|Any CPU
		{8926A553-ECF9-45A5-B818-8472A52E14F1}.Debug|Any CPU.ActiveCfg = Debug|Any CPU
		{8926A553-ECF9-45A5-B818-8472A52E14F1}.Debug|Any CPU.Build.0 = Debug|Any CPU
		{8926A553-ECF9-45A5-B818-8472A52E14F1}.Debug|x86.ActiveCfg = Debug|Any CPU
		{8926A553-ECF9-45A5-B818-8472A52E14F1}.Debug|x86.Build.0 = Debug|Any CPU
		{8926A553-ECF9-45A5-B818-8472A52E14F1}.Release|Any CPU.ActiveCfg = Release|Any CPU
		{8926A553-ECF9-45A5-B818-8472A52E14F1}.Release|Any CPU.Build.0 = Release|Any CPU
		{8926A553-ECF9-45A5-B818-8472A52E14F1}.Release|x86.ActiveCfg = Release|Any CPU
		{8926A553-ECF9-45A5-B818-8472A52E14F1}.Release|x86.Build.0 = Release|Any CPU
		{E8685813-9284-45E0-9217-10087FE38EB0}.Debug|Any CPU.ActiveCfg = Debug|Any CPU
		{E8685813-9284-45E0-9217-10087FE38EB0}.Debug|Any CPU.Build.0 = Debug|Any CPU
		{E8685813-9284-45E0-9217-10087FE38EB0}.Debug|x86.ActiveCfg = Debug|Any CPU
		{E8685813-9284-45E0-9217-10087FE38EB0}.Debug|x86.Build.0 = Debug|Any CPU
		{E8685813-9284-45E0-9217-10087FE38EB0}.Release|Any CPU.ActiveCfg = Release|Any CPU
		{E8685813-9284-45E0-9217-10087FE38EB0}.Release|Any CPU.Build.0 = Release|Any CPU
		{E8685813-9284-45E0-9217-10087FE38EB0}.Release|x86.ActiveCfg = Release|Any CPU
		{E8685813-9284-45E0-9217-10087FE38EB0}.Release|x86.Build.0 = Release|Any CPU
		{69262D41-2E37-4839-977C-D4550518E905}.Debug|Any CPU.ActiveCfg = Debug|Any CPU
		{69262D41-2E37-4839-977C-D4550518E905}.Debug|Any CPU.Build.0 = Debug|Any CPU
		{69262D41-2E37-4839-977C-D4550518E905}.Debug|x86.ActiveCfg = Debug|Any CPU
		{69262D41-2E37-4839-977C-D4550518E905}.Debug|x86.Build.0 = Debug|Any CPU
		{69262D41-2E37-4839-977C-D4550518E905}.Release|Any CPU.ActiveCfg = Release|Any CPU
		{69262D41-2E37-4839-977C-D4550518E905}.Release|Any CPU.Build.0 = Release|Any CPU
		{69262D41-2E37-4839-977C-D4550518E905}.Release|x86.ActiveCfg = Release|Any CPU
		{69262D41-2E37-4839-977C-D4550518E905}.Release|x86.Build.0 = Release|Any CPU
	EndGlobalSection
	GlobalSection(SolutionProperties) = preSolution
		HideSolutionNode = FALSE
	EndGlobalSection
	GlobalSection(NestedProjects) = preSolution
		{BE63B667-37C7-41B2-8E9D-41422364AC8F} = {FE859435-0323-4E4E-BF54-BFA14E2FE7FD}
		{E1D6C7B0-3DE4-4395-B8C2-37997131169D} = {D127C0F6-F9D3-45FA-9B1C-2021EDC4BA82}
		{FC944325-1751-4223-97FF-74701BDB4FE2} = {E1D6C7B0-3DE4-4395-B8C2-37997131169D}
		{B9694221-2A7A-4326-A5E8-E4530D5D0CDD} = {FC944325-1751-4223-97FF-74701BDB4FE2}
		{A4B6F11F-AEB5-4956-AC6C-F95EA939AB8D} = {FC944325-1751-4223-97FF-74701BDB4FE2}
		{092E016D-B76F-4DD0-A036-C9187BCC5F88} = {FC944325-1751-4223-97FF-74701BDB4FE2}
		{AF1E00F1-D21F-47BC-A3EC-94F4ABAB9314} = {C546CAA0-C1CA-40E9-BB1A-3F948B22F65D}
		{E6F0AE1D-1200-4F40-A8AD-535AF253827E} = {E1D6C7B0-3DE4-4395-B8C2-37997131169D}
		{DBF92BB6-321A-4ABB-AD14-3C8D33AAB5A3} = {E6F0AE1D-1200-4F40-A8AD-535AF253827E}
		{21FF1FCA-6CCF-412C-A689-161ECF3A3524} = {E6F0AE1D-1200-4F40-A8AD-535AF253827E}
		{C123A30A-B3EF-4521-9EB2-47A7A21EAA83} = {E6F0AE1D-1200-4F40-A8AD-535AF253827E}
		{978867FE-39D2-464E-901A-81D343D5CC36} = {E6F0AE1D-1200-4F40-A8AD-535AF253827E}
		{57FB66DE-CA57-4DCF-850C-8599630E6CE5} = {25F7D65F-0919-4FBE-8C13-A75EDA36CB10}
		{C57B62D4-2115-4F94-BFFF-F75050798897} = {25F7D65F-0919-4FBE-8C13-A75EDA36CB10}
		{B747BA0E-4B69-4AE5-8D4E-7FB507C4787A} = {E6F0AE1D-1200-4F40-A8AD-535AF253827E}
		{B93056F8-3605-41EB-836E-856186851B07} = {E6F0AE1D-1200-4F40-A8AD-535AF253827E}
		{88AA3522-86CD-4147-8949-B0515328C59F} = {FE859435-0323-4E4E-BF54-BFA14E2FE7FD}
		{25F7D65F-0919-4FBE-8C13-A75EDA36CB10} = {E6F0AE1D-1200-4F40-A8AD-535AF253827E}
		{1ACD25A4-62EA-4B6F-A1DF-6F1A531BBF4B} = {0BEAEC1A-27D8-4A79-BAAA-989C246AF622}
		{FD21059E-C609-46C6-AA36-69D86F2BB9A2} = {E1D6C7B0-3DE4-4395-B8C2-37997131169D}
		{8926A553-ECF9-45A5-B818-8472A52E14F1} = {FD21059E-C609-46C6-AA36-69D86F2BB9A2}
		{E8685813-9284-45E0-9217-10087FE38EB0} = {FD21059E-C609-46C6-AA36-69D86F2BB9A2}
		{7F4FB1DD-D54F-48C1-BD2B-9CE1BEEB292C} = {A7330431-A485-4770-A6F3-6218163F2BFD}
		{69262D41-2E37-4839-977C-D4550518E905} = {7F4FB1DD-D54F-48C1-BD2B-9CE1BEEB292C}
	EndGlobalSection
	GlobalSection(ExtensibilityGlobals) = postSolution
		SolutionGuid = {5ECBC77D-6EDE-412C-AC7E-8EB7A0BD677D}
	EndGlobalSection
EndGlobal
