
Microsoft Visual Studio Solution File, Format Version 12.00
# Visual Studio 14
VisualStudioVersion = 14.0.25420.1
MinimumVisualStudioVersion = 10.0.40219.1
Project("{FAE04EC0-301F-11D3-BF4B-00C04F79EFBC}") = "SataAdapterConfiguration", "SataAdapterConfiguration.csproj", "{C57B62D4-2115-4F94-BFFF-F75050798897}"
EndProject
Project("{FAE04EC0-301F-11D3-BF4B-00C04F79EFBC}") = "SamplesCommon", "..\..\..\..\..\common\SamplesCommon\SamplesCommon.csproj", "{1ACD25A4-62EA-4B6F-A1DF-6F1A531BBF4B}"
EndProject
Global
	GlobalSection(SolutionConfigurationPlatforms) = preSolution
		Debug|Any CPU = Debug|Any CPU
		Release|Any CPU = Release|Any CPU
	EndGlobalSection
	GlobalSection(ProjectConfigurationPlatforms) = postSolution
		{C57B62D4-2115-4F94-BFFF-F75050798897}.Debug|Any CPU.ActiveCfg = Debug|Any CPU
		{C57B62D4-2115-4F94-BFFF-F75050798897}.Debug|Any CPU.Build.0 = Debug|Any CPU
		{C57B62D4-2115-4F94-BFFF-F75050798897}.Release|Any CPU.ActiveCfg = Release|Any CPU
		{C57B62D4-2115-4F94-BFFF-F75050798897}.Release|Any CPU.Build.0 = Release|Any CPU
		{1ACD25A4-62EA-4B6F-A1DF-6F1A531BBF4B}.Debug|Any CPU.ActiveCfg = Debug|Any CPU
		{1ACD25A4-62EA-4B6F-A1DF-6F1A531BBF4B}.Debug|Any CPU.Build.0 = Debug|Any CPU
		{1ACD25A4-62EA-4B6F-A1DF-6F1A531BBF4B}.Release|Any CPU.ActiveCfg = Release|Any CPU
		{1ACD25A4-62EA-4B6F-A1DF-6F1A531BBF4B}.Release|Any CPU.Build.0 = Release|Any CPU
	EndGlobalSection
	GlobalSection(SolutionProperties) = preSolution
		HideSolutionNode = FALSE
	EndGlobalSection
EndGlobal
