
Microsoft Visual Studio Solution File, Format Version 12.00
# Visual Studio 14
VisualStudioVersion = 14.0.25420.1
MinimumVisualStudioVersion = 10.0.40219.1
Project("{FAE04EC0-301F-11D3-BF4B-00C04F79EFBC}") = "EthernetConfiguration", "EthernetConfiguration.csproj", "{B747BA0E-4B69-4AE5-8D4E-7FB507C4787A}"
EndProject
Project("{FAE04EC0-301F-11D3-BF4B-00C04F79EFBC}") = "SamplesCommon", "..\..\..\..\common\SamplesCommon\SamplesCommon.csproj", "{1ACD25A4-62EA-4B6F-A1DF-6F1A531BBF4B}"
EndProject
Global
	GlobalSection(SolutionConfigurationPlatforms) = preSolution
		Debug|Any CPU = Debug|Any CPU
		Release|Any CPU = Release|Any CPU
	EndGlobalSection
	GlobalSection(ProjectConfigurationPlatforms) = postSolution
		{B747BA0E-4B69-4AE5-8D4E-7FB507C4787A}.Debug|Any CPU.ActiveCfg = Debug|Any CPU
		{B747BA0E-4B69-4AE5-8D4E-7FB507C4787A}.Debug|Any CPU.Build.0 = Debug|Any CPU
		{B747BA0E-4B69-4AE5-8D4E-7FB507C4787A}.Release|Any CPU.ActiveCfg = Release|Any CPU
		{B747BA0E-4B69-4AE5-8D4E-7FB507C4787A}.Release|Any CPU.Build.0 = Release|Any CPU
		{1ACD25A4-62EA-4B6F-A1DF-6F1A531BBF4B}.Debug|Any CPU.ActiveCfg = Debug|Any CPU
		{1ACD25A4-62EA-4B6F-A1DF-6F1A531BBF4B}.Debug|Any CPU.Build.0 = Debug|Any CPU
		{1ACD25A4-62EA-4B6F-A1DF-6F1A531BBF4B}.Release|Any CPU.ActiveCfg = Release|Any CPU
		{1ACD25A4-62EA-4B6F-A1DF-6F1A531BBF4B}.Release|Any CPU.Build.0 = Release|Any CPU
	EndGlobalSection
	GlobalSection(SolutionProperties) = preSolution
		HideSolutionNode = FALSE
	EndGlobalSection
EndGlobal
